<?xml version="1.0" encoding="utf-8"?>
<Project ToolsVersion="4.0" xmlns="http://schemas.microsoft.com/developer/msbuild/2003">
  <ItemGroup>
    <Filter Include="Source Files">
      <UniqueIdentifier>{4FC737F1-C7A5-4376-A066-2A32D752A2FF}</UniqueIdentifier>
      <Extensions>cpp;c;cc;cxx;def;odl;idl;hpj;bat;asm;asmx</Extensions>
    </Filter>
    <Filter Include="Resource Files">
      <UniqueIdentifier>{67DA6AB6-F800-4c08-8B7A-83BB121AAD01}</UniqueIdentifier>
      <Extensions>rc;ico;cur;bmp;dlg;rc2;rct;bin;rgs;gif;jpg;jpeg;jpe;resx;tiff;tif;png;wav;mfcribbon-ms</Extensions>
    </Filter>
    <Filter Include="User">
      <UniqueIdentifier>{93995380-89BD-4b04-88EB-625FBE52EBFB}</UniqueIdentifier>
      <Extensions>h;hh;hpp;hxx;hm;inl;inc;xsd</Extensions>
    </Filter>
    <Filter Include="Lobby">
      <UniqueIdentifier>{0a95564b-3707-4490-8560-b84fe4d74457}</UniqueIdentifier>
    </Filter>
    <Filter Include="Server">
      <UniqueIdentifier>{a0f0d657-41f9-4a6d-af52-a14dc72c6b5a}</UniqueIdentifier>
    </Filter>
    <Filter Include="Authenticate">
      <UniqueIdentifier>{3b168b80-7216-4df2-b43b-2b909a52d1be}</UniqueIdentifier>
    </Filter>
    <Filter Include="Room">
      <UniqueIdentifier>{e3395a79-ef35-46f8-9969-9c5bba1b66fb}</UniqueIdentifier>
    </Filter>
    <Filter Include="MonopolyLogic">
      <UniqueIdentifier>{f8763f2b-4086-471e-b1ba-489b034ce83c}</UniqueIdentifier>
    </Filter>
    <Filter Include="MonopolyLogic\Asset">
      <UniqueIdentifier>{4b1915c6-cf1a-4e3e-a299-9c994a4608b4}</UniqueIdentifier>
    </Filter>
    <Filter Include="MonopolyLogic\Districts">
      <UniqueIdentifier>{6063ad37-4b40-45a8-b485-c50fdc0b264b}</UniqueIdentifier>
    </Filter>
    <Filter Include="MonopolyLogic\CardStorage">
      <UniqueIdentifier>{df2d0f10-a683-43dc-af9f-bb347ed4b124}</UniqueIdentifier>
    </Filter>
  </ItemGroup>
  <ItemGroup>
    <ClCompile Include="main.cpp">
      <Filter>Source Files</Filter>
    </ClCompile>
    <ClCompile Include="cLobby.cpp">
      <Filter>Lobby</Filter>
    </ClCompile>
    <ClCompile Include="cRoom.cpp">
      <Filter>Room</Filter>
    </ClCompile>
    <ClCompile Include="cRoomManager.cpp">
      <Filter>Room</Filter>
    </ClCompile>
    <ClCompile Include="cTCPServer.cpp">
      <Filter>Server</Filter>
    </ClCompile>
    <ClCompile Include="cUser.cpp">
      <Filter>User</Filter>
    </ClCompile>
    <ClCompile Include="cUserManager.cpp">
      <Filter>User</Filter>
    </ClCompile>
    <ClCompile Include="cTCPAuthenticationClient.cpp">
      <Filter>Authenticate</Filter>
    </ClCompile>
    <ClCompile Include="cBuildingDistrict.cpp">
      <Filter>MonopolyLogic\Asset</Filter>
    </ClCompile>
    <ClCompile Include="cStationDistrict.cpp">
      <Filter>MonopolyLogic\Asset</Filter>
    </ClCompile>
    <ClCompile Include="cUtilityDistrict.cpp">
      <Filter>MonopolyLogic\Asset</Filter>
    </ClCompile>
    <ClCompile Include="cLogicMonoPoly.cpp">
      <Filter>MonopolyLogic</Filter>
    </ClCompile>
    <ClCompile Include="cPlayer.cpp">
      <Filter>MonopolyLogic</Filter>
    </ClCompile>
    <ClCompile Include="cAssetDistrict.cpp">
      <Filter>MonopolyLogic\Districts</Filter>
    </ClCompile>
    <ClCompile Include="cCardDistrict.cpp">
      <Filter>MonopolyLogic\Districts</Filter>
    </ClCompile>
    <ClCompile Include="cDistrict.cpp">
      <Filter>MonopolyLogic\Districts</Filter>
    </ClCompile>
    <ClCompile Include="cFreeParking.cpp">
      <Filter>MonopolyLogic\Districts</Filter>
    </ClCompile>
    <ClCompile Include="cGotoJailDistrict.cpp">
      <Filter>MonopolyLogic\Districts</Filter>
    </ClCompile>
    <ClCompile Include="cJailDistrict.cpp">
      <Filter>MonopolyLogic\Districts</Filter>
    </ClCompile>
    <ClCompile Include="cTaxDistrict.cpp">
      <Filter>MonopolyLogic\Districts</Filter>
    </ClCompile>
    <ClCompile Include="cCardStorageCommunity.cpp">
      <Filter>MonopolyLogic\CardStorage</Filter>
    </ClCompile>
    <ClCompile Include="cCardStorageChance.cpp">
      <Filter>MonopolyLogic\CardStorage</Filter>
    </ClCompile>
    <ClCompile Include="cDice.cpp">
      <Filter>MonopolyLogic</Filter>
    </ClCompile>
    <ClCompile Include="cStartDistrict.cpp">
      <Filter>MonopolyLogic\Districts</Filter>
    </ClCompile>
    <ClCompile Include="cBank.cpp">
      <Filter>MonopolyLogic</Filter>
    </ClCompile>
    <ClCompile Include="cPacketProcedureMonopoly.cpp">
      <Filter>MonopolyLogic</Filter>
    </ClCompile>
  </ItemGroup>
  <ItemGroup>
    <ClInclude Include="cUser.h">
      <Filter>User</Filter>
    </ClInclude>
    <ClInclude Include="iUser.h">
      <Filter>User</Filter>
    </ClInclude>
    <ClInclude Include="cLobby.h">
      <Filter>Lobby</Filter>
    </ClInclude>
    <ClInclude Include="cRoom.h">
      <Filter>Room</Filter>
    </ClInclude>
    <ClInclude Include="cRoomManager.h">
      <Filter>Room</Filter>
    </ClInclude>
    <ClInclude Include="cTCPServer.h">
      <Filter>Server</Filter>
    </ClInclude>
    <ClInclude Include="iLobby.h">
      <Filter>Lobby</Filter>
    </ClInclude>
    <ClInclude Include="iRoom.h">
      <Filter>Room</Filter>
    </ClInclude>
    <ClInclude Include="cUserManager.h">
      <Filter>User</Filter>
    </ClInclude>
    <ClInclude Include="cTCPAuthenticationClient.h">
      <Filter>Authenticate</Filter>
    </ClInclude>
    <ClInclude Include="resource.h">
      <Filter>User</Filter>
    </ClInclude>
    <ClInclude Include="cBuildingDistrict.h">
      <Filter>MonopolyLogic\Asset</Filter>
    </ClInclude>
    <ClInclude Include="cStationDistrict.h">
      <Filter>MonopolyLogic\Asset</Filter>
    </ClInclude>
    <ClInclude Include="cUtilityDistrict.h">
      <Filter>MonopolyLogic\Asset</Filter>
    </ClInclude>
    <ClInclude Include="iLogicMonopoly.h">
      <Filter>MonopolyLogic</Filter>
    </ClInclude>
    <ClInclude Include="cLogicMonoPoly.h">
      <Filter>MonopolyLogic</Filter>
    </ClInclude>
    <ClInclude Include="cPlayer.h">
      <Filter>MonopolyLogic</Filter>
    </ClInclude>
    <ClInclude Include="iPlayer.h">
      <Filter>MonopolyLogic</Filter>
    </ClInclude>
    <ClInclude Include="cAssetDistrict.h">
      <Filter>MonopolyLogic\Districts</Filter>
    </ClInclude>
    <ClInclude Include="cCardDistrict.h">
      <Filter>MonopolyLogic\Districts</Filter>
    </ClInclude>
    <ClInclude Include="cDistrict.h">
      <Filter>MonopolyLogic\Districts</Filter>
    </ClInclude>
    <ClInclude Include="cFreeParking.h">
      <Filter>MonopolyLogic\Districts</Filter>
    </ClInclude>
    <ClInclude Include="cGotoJailDistrict.h">
      <Filter>MonopolyLogic\Districts</Filter>
    </ClInclude>
    <ClInclude Include="cJailDistrict.h">
      <Filter>MonopolyLogic\Districts</Filter>
    </ClInclude>
    <ClInclude Include="iDistrict.h">
      <Filter>MonopolyLogic\Districts</Filter>
    </ClInclude>
    <ClInclude Include="iCardStorage.h">
      <Filter>MonopolyLogic\CardStorage</Filter>
    </ClInclude>
    <ClInclude Include="cCardStorageChance.h">
      <Filter>MonopolyLogic\CardStorage</Filter>
    </ClInclude>
    <ClInclude Include="cCardStorageCommunity.h">
      <Filter>MonopolyLogic\CardStorage</Filter>
    </ClInclude>
    <ClInclude Include="cDice.h">
      <Filter>MonopolyLogic</Filter>
    </ClInclude>
    <ClInclude Include="iDice.h">
      <Filter>MonopolyLogic</Filter>
    </ClInclude>
    <ClInclude Include="cTaxDistrict.h">
      <Filter>MonopolyLogic\Districts</Filter>
    </ClInclude>
    <ClInclude Include="cStartDistrict.h">
      <Filter>MonopolyLogic\Districts</Filter>
    </ClInclude>
    <ClInclude Include="iLogicMonopolyMediator.h">
      <Filter>MonopolyLogic</Filter>
    </ClInclude>
    <ClInclude Include="cBank.h">
      <Filter>MonopolyLogic</Filter>
    </ClInclude>
    <ClInclude Include="MonopolyGlobal.h">
      <Filter>MonopolyLogic</Filter>
    </ClInclude>
    <ClInclude Include="cPacketProcedureMonopoly.h">
      <Filter>MonopolyLogic</Filter>
    </ClInclude>
    <ClInclude Include="iPacketProcedureMonopoly.h">
      <Filter>MonopolyLogic</Filter>
    </ClInclude>
  </ItemGroup>
  <ItemGroup>
    <ResourceCompile Include="TCPServer.rc">
      <Filter>Resource Files</Filter>
    </ResourceCompile>
  </ItemGroup>
</Project>