<?xml version="1.0" encoding="utf-8"?>
<Project ToolsVersion="4.0" xmlns="http://schemas.microsoft.com/developer/msbuild/2003">
  <ItemGroup>
    <Filter Include="Source Files">
      <UniqueIdentifier>{4FC737F1-C7A5-4376-A066-2A32D752A2FF}</UniqueIdentifier>
      <Extensions>cpp;c;cc;cxx;def;odl;idl;hpj;bat;asm;asmx</Extensions>
    </Filter>
    <Filter Include="Resource Files">
      <UniqueIdentifier>{67DA6AB6-F800-4c08-8B7A-83BB121AAD01}</UniqueIdentifier>
      <Extensions>rc;ico;cur;bmp;dlg;rc2;rct;bin;rgs;gif;jpg;jpeg;jpe;resx;tiff;tif;png;wav;mfcribbon-ms</Extensions>
    </Filter>
    <Filter Include="User">
      <UniqueIdentifier>{93995380-89BD-4b04-88EB-625FBE52EBFB}</UniqueIdentifier>
      <Extensions>h;hh;hpp;hxx;hm;inl;inc;xsd</Extensions>
    </Filter>
    <Filter Include="Room">
      <UniqueIdentifier>{e3395a79-ef35-46f8-9969-9c5bba1b66fb}</UniqueIdentifier>
    </Filter>
    <Filter Include="Lobby">
      <UniqueIdentifier>{0a95564b-3707-4490-8560-b84fe4d74457}</UniqueIdentifier>
    </Filter>
    <Filter Include="Server">
      <UniqueIdentifier>{a0f0d657-41f9-4a6d-af52-a14dc72c6b5a}</UniqueIdentifier>
    </Filter>
    <Filter Include="Authenticate">
      <UniqueIdentifier>{3b168b80-7216-4df2-b43b-2b909a52d1be}</UniqueIdentifier>
    </Filter>
  </ItemGroup>
  <ItemGroup>
    <ClCompile Include="main.cpp">
      <Filter>Source Files</Filter>
    </ClCompile>
    <ClCompile Include="cLobby.cpp">
      <Filter>Lobby</Filter>
    </ClCompile>
    <ClCompile Include="cRoom.cpp">
      <Filter>Room</Filter>
    </ClCompile>
    <ClCompile Include="cRoomManager.cpp">
      <Filter>Room</Filter>
    </ClCompile>
    <ClCompile Include="cTCPServer.cpp">
      <Filter>Server</Filter>
    </ClCompile>
    <ClCompile Include="cUser.cpp">
      <Filter>User</Filter>
    </ClCompile>
    <ClCompile Include="cUserManager.cpp">
      <Filter>User</Filter>
    </ClCompile>
    <ClCompile Include="cTCPAuthenticationClient.cpp">
      <Filter>Authenticate</Filter>
    </ClCompile>
  </ItemGroup>
  <ItemGroup>
    <ClInclude Include="cUser.h">
      <Filter>User</Filter>
    </ClInclude>
    <ClInclude Include="iUser.h">
      <Filter>User</Filter>
    </ClInclude>
    <ClInclude Include="cLobby.h">
      <Filter>Lobby</Filter>
    </ClInclude>
    <ClInclude Include="cRoom.h">
      <Filter>Room</Filter>
    </ClInclude>
    <ClInclude Include="cRoomManager.h">
      <Filter>Room</Filter>
    </ClInclude>
    <ClInclude Include="cTCPServer.h">
      <Filter>Server</Filter>
    </ClInclude>
    <ClInclude Include="iLobby.h">
      <Filter>Lobby</Filter>
    </ClInclude>
    <ClInclude Include="iRoom.h">
      <Filter>Room</Filter>
    </ClInclude>
    <ClInclude Include="cUserManager.h">
      <Filter>User</Filter>
    </ClInclude>
    <ClInclude Include="cTCPAuthenticationClient.h">
      <Filter>Authenticate</Filter>
    </ClInclude>
  </ItemGroup>
</Project>